{
  "lockfileVersion": 1,
  "workspaces": {
    "": {
      "name": "randsum-monorepo",
      "devDependencies": {
        "@moonrepo/cli": "^1.34.0",
      },
    },
    "packages/5e": {
      "name": "@randsum/5e",
      "version": "0.1.19",
      "dependencies": {
        "@randsum/dice": "workspace:^",
      },
      "devDependencies": {
        "@types/bun": "1.2.8",
        "bunup": "^0.3.3",
      },
      "peerDependencies": {
        "typescript": ">=5.0.0",
      },
    },
    "packages/blades": {
      "name": "@randsum/blades",
      "version": "0.1.19",
      "dependencies": {
        "@randsum/dice": "workspace:^",
      },
      "devDependencies": {
        "@types/bun": "1.2.8",
        "bunup": "^0.3.3",
      },
      "peerDependencies": {
        "typescript": ">=5.0.0",
      },
    },
    "packages/core": {
      "name": "@randsum/core",
      "version": "0.1.19",
      "devDependencies": {
        "@types/bun": "1.2.8",
        "bunup": "^0.3.3",
      },
    },
    "packages/dice": {
      "name": "@randsum/dice",
      "version": "0.1.19",
      "bin": {
        "randsum": "./bin/randsum",
      },
      "dependencies": {
        "@randsum/core": "workspace:^",
        "@randsum/notation": "workspace:^",
      },
      "devDependencies": {
        "@types/bun": "1.2.8",
        "bunup": "^0.3.3",
      },
      "peerDependencies": {
        "typescript": "^5.8.2",
      },
    },
    "packages/notation": {
      "name": "@randsum/notation",
      "version": "0.1.19",
      "dependencies": {
        "@randsum/core": "workspace:^",
      },
      "devDependencies": {
        "@types/bun": "1.2.8",
        "bunup": "^0.3.3",
      },
      "peerDependencies": {
        "typescript": ">=5.0.0",
      },
    },
    "packages/root-rpg": {
      "name": "@randsum/root-rpg",
      "version": "0.1.19",
      "dependencies": {
        "@randsum/dice": "workspace:^",
      },
      "devDependencies": {
        "@types/bun": "1.2.8",
        "bunup": "^0.3.3",
      },
      "peerDependencies": {
        "typescript": ">=5.0.0",
      },
    },
    "packages/salvageunion": {
      "name": "@randsum/salvageunion",
      "version": "0.1.19",
      "dependencies": {
        "@randsum/dice": "workspace:^",
      },
      "devDependencies": {
        "@types/bun": "1.2.8",
        "bunup": "^0.3.3",
      },
      "peerDependencies": {
        "typescript": ">=5.0.0",
      },
    },
  },
  "trustedDependencies": [
    "@moonrepo/cli",
  ],
  "packages": {
    "@babel/code-frame": ["@babel/code-frame@7.26.2", "", { "dependencies": { "@babel/helper-validator-identifier": "^7.25.9", "js-tokens": "^4.0.0", "picocolors": "^1.0.0" } }, "sha512-RJlIHRueQgwWitWgF8OdFYGZX328Ax5BCemNGlqHfplnRT9ESi8JkFlvaVYbS+UubVY6dpv87Fs2u5M29iNFVQ=="],

    "@babel/helper-validator-identifier": ["@babel/helper-validator-identifier@7.25.9", "", {}, "sha512-Ed61U6XJc3CVRfkERJWDz4dJwKe7iLmmJsbOGu9wSloNSFttHV0I8g6UAgb7qnK5ly5bGLPd4oXZlxCdANBOWQ=="],

    "@emnapi/core": ["@emnapi/core@1.4.0", "", { "dependencies": { "@emnapi/wasi-threads": "1.0.1", "tslib": "^2.4.0" } }, "sha512-H+N/FqT07NmLmt6OFFtDfwe8PNygprzBikrEMyQfgqSmT0vzE515Pz7R8izwB9q/zsH/MA64AKoul3sA6/CzVg=="],

    "@emnapi/runtime": ["@emnapi/runtime@1.4.0", "", { "dependencies": { "tslib": "^2.4.0" } }, "sha512-64WYIf4UYcdLnbKn/umDlNjQDSS8AgZrI/R9+x5ilkUVFxXcA1Ebl+gQLc/6mERA4407Xof0R7wEyEuj091CVw=="],

    "@emnapi/wasi-threads": ["@emnapi/wasi-threads@1.0.1", "", { "dependencies": { "tslib": "^2.4.0" } }, "sha512-iIBu7mwkq4UQGeMEM8bLwNK962nXdhodeScX4slfQnRhEMMzvYivHhutCIk8uojvmASXXPC2WNEjwxFWk72Oqw=="],

    "@jridgewell/sourcemap-codec": ["@jridgewell/sourcemap-codec@1.5.0", "", {}, "sha512-gv3ZRaISU3fjPAgNsriBRqGWQL6quFx04YMPW/zD8XMLsU32mhCCbfbO6KZFLjvYpCZ8zyDEgqsgf+PwPaM7GQ=="],

    "@moonrepo/cli": ["@moonrepo/cli@1.34.0", "", { "dependencies": { "detect-libc": "^2.0.3" }, "optionalDependencies": { "@moonrepo/core-linux-arm64-gnu": "1.34.0", "@moonrepo/core-linux-arm64-musl": "1.34.0", "@moonrepo/core-linux-x64-gnu": "1.34.0", "@moonrepo/core-linux-x64-musl": "1.34.0", "@moonrepo/core-macos-arm64": "1.34.0", "@moonrepo/core-macos-x64": "1.34.0", "@moonrepo/core-windows-x64-msvc": "1.34.0" }, "bin": { "moon": "moon.js" } }, "sha512-p0O/8uyKqJle2ofPU813TnzQTxu64aKVNBVHAKNLiIm4xn+BZJ5Ys0gFaXYdULEEGZ/txh99BLJPCcF4lbjByA=="],

    "@moonrepo/core-linux-arm64-gnu": ["@moonrepo/core-linux-arm64-gnu@1.34.0", "", { "os": "linux", "cpu": "arm64" }, "sha512-l6ci/hAGT4F1r6lr7LAvJWKNxAG/hC2rf3Ge36IA/pachV0QHHt9LYoDvT1Q7EiXUIVF6LsTkX8Dv6331JgMuw=="],

    "@moonrepo/core-linux-arm64-musl": ["@moonrepo/core-linux-arm64-musl@1.34.0", "", { "os": "linux", "cpu": "arm64" }, "sha512-NecjCTZkSMQvPZGzXY2ferysTOcNw4fS6474cAqE7CggfuW1SevO9bxmEo1j7rcO/rhBa38CM4HEHJWXsy1lBQ=="],

    "@moonrepo/core-linux-x64-gnu": ["@moonrepo/core-linux-x64-gnu@1.34.0", "", { "os": "linux", "cpu": "x64" }, "sha512-fdrPgflvt77LM1b6DwCXsliARC2AMhz9UB/TXfw+tYeE3AZHglK5QQtzDW+2+eOFiXSp/jyjVG7yu7fMiF7a6Q=="],

    "@moonrepo/core-linux-x64-musl": ["@moonrepo/core-linux-x64-musl@1.34.0", "", { "os": "linux", "cpu": "x64" }, "sha512-LcTJy2ugGEYDemEXZtkeO8miReIyTk5IGQpLRpFUUQ5dtoLKbilmR720/VIk+kUtbPEd0bn7Qpm+hxkSNbnAVQ=="],

    "@moonrepo/core-macos-arm64": ["@moonrepo/core-macos-arm64@1.34.0", "", { "os": "darwin", "cpu": "arm64" }, "sha512-G7L55/17uXM70EuIF0UrkWR1REM3dKbgHqvBIN61VoBWz9haFjZrd7df5LIkPVgRYjrNrQF8DkEoXv1xOz3YfQ=="],

    "@moonrepo/core-macos-x64": ["@moonrepo/core-macos-x64@1.34.0", "", { "os": "darwin", "cpu": "x64" }, "sha512-YAWagkkjM5JEiNg1pn+IbhrCTWAO65cZ6NGzgTND9bfzeaFlKSgcGY/pfCNyrmSzlxxqNm9NKVP3muJTOSiB9Q=="],

    "@moonrepo/core-windows-x64-msvc": ["@moonrepo/core-windows-x64-msvc@1.34.0", "", { "os": "win32", "cpu": "x64" }, "sha512-aMBVAPECOywqQ3cKuMZfzu5YpsrcLyajgxCVPzrtmb37NbW3x5NTDEqu45uB0voExKb22bX/iOHP+WR/JpB9Hw=="],

    "@napi-rs/wasm-runtime": ["@napi-rs/wasm-runtime@0.2.7", "", { "dependencies": { "@emnapi/core": "^1.3.1", "@emnapi/runtime": "^1.3.1", "@tybys/wasm-util": "^0.9.0" } }, "sha512-5yximcFK5FNompXfJFoWanu5l8v1hNGqNHh9du1xETp9HWk/B/PzvchX55WYOPaIeNglG8++68AAiauBAtbnzw=="],

    "@oxc-transform/binding-darwin-arm64": ["@oxc-transform/binding-darwin-arm64@0.58.1", "", { "os": "darwin", "cpu": "arm64" }, "sha512-iOTmbTaYMrx61Vxh9uvl9PGileR/d98NuaESOVB5FFrN4rcqFs5rGLiRqQm8T87GCCGXyfP3S44glprVS3s/0A=="],

    "@oxc-transform/binding-darwin-x64": ["@oxc-transform/binding-darwin-x64@0.58.1", "", { "os": "darwin", "cpu": "x64" }, "sha512-NdsVLQTw8FJe0Bb0i6Nj7Rtem+vo3ABnHcn08wA8l9mDMZKlrIHWwH6HY9g8P4qvE1jJ1HA/IkqtPU5PQfgv0A=="],

    "@oxc-transform/binding-linux-arm-gnueabihf": ["@oxc-transform/binding-linux-arm-gnueabihf@0.58.1", "", { "os": "linux", "cpu": "arm" }, "sha512-BxL5IBfid1Xp+bSEgELAvq+e/Zfd60tV/0nSaTwXgEAnAvOU8abrAPuiXpciZKNBGZ8R6W2Iy/yDUeiF/IBFiA=="],

    "@oxc-transform/binding-linux-arm64-gnu": ["@oxc-transform/binding-linux-arm64-gnu@0.58.1", "", { "os": "linux", "cpu": "arm64" }, "sha512-HwA3Gsitz/LL+DkPgpHAc6sANTSnInmlq76MV3zf0tw5iMs9kLiQ2W61dM+D9NNwfHvrY3O0uyLR965R/vW11A=="],

    "@oxc-transform/binding-linux-arm64-musl": ["@oxc-transform/binding-linux-arm64-musl@0.58.1", "", { "os": "linux", "cpu": "arm64" }, "sha512-wUkArdXty35Yzl2qc9ECoFOujzMj/XZ0HEZoSAhdw/NkS4CjowNgV06tUvUesmwG3NV8p37hJdT+M7r3u+zH8Q=="],

    "@oxc-transform/binding-linux-x64-gnu": ["@oxc-transform/binding-linux-x64-gnu@0.58.1", "", { "os": "linux", "cpu": "x64" }, "sha512-ED/4ZLRP59TOFsfJ60LEFa7RWKVm8aC+L/0IwDtckNlixk06jy4YyH56RGifJPd6Li2sTaLE0VOVgkJ2cgWEig=="],

    "@oxc-transform/binding-linux-x64-musl": ["@oxc-transform/binding-linux-x64-musl@0.58.1", "", { "os": "linux", "cpu": "x64" }, "sha512-xdlYvnkxe8QL7oWsmir4bZNNwPWMKy8twCLB5UG5rM4/COOhl3APuW1oRDFghhF/0kJHaCYT0KdVtOchFKIHAg=="],

    "@oxc-transform/binding-wasm32-wasi": ["@oxc-transform/binding-wasm32-wasi@0.58.1", "", { "dependencies": { "@napi-rs/wasm-runtime": "^0.2.7" }, "cpu": "none" }, "sha512-rD+riAK0v3MHIFyUo6+xqDEOi/MHVknNaJxWeWuyahn+ZGQC3jBOG0dGVq3x+px8DBqvlfihiDs3tkIDnc6BJQ=="],

    "@oxc-transform/binding-win32-arm64-msvc": ["@oxc-transform/binding-win32-arm64-msvc@0.58.1", "", { "os": "win32", "cpu": "arm64" }, "sha512-jrCOvmabG9TVV/OvO7M3WSXkBX4aZ8RjOwsZEWcMiKeybmUr8E8XHx0YdwzL1M8MSKpdctoHPv1nz3SqM7uo6Q=="],

    "@oxc-transform/binding-win32-x64-msvc": ["@oxc-transform/binding-win32-x64-msvc@0.58.1", "", { "os": "win32", "cpu": "x64" }, "sha512-612E4VNg9wK5cpGjaHjdW+aD3b1w80lps6rsFEsWejGB5nF5OkXS8uZxS1iQE/16JUoFNUcH+3yyqQP7ljdOuA=="],

    "@randsum/5e": ["@randsum/5e@workspace:packages/5e"],

    "@randsum/blades": ["@randsum/blades@workspace:packages/blades"],

    "@randsum/core": ["@randsum/core@workspace:packages/core"],

    "@randsum/dice": ["@randsum/dice@workspace:packages/dice"],

    "@randsum/notation": ["@randsum/notation@workspace:packages/notation"],

    "@randsum/root-rpg": ["@randsum/root-rpg@workspace:packages/root-rpg"],

    "@randsum/salvageunion": ["@randsum/salvageunion@workspace:packages/salvageunion"],

    "@rollup/rollup-android-arm-eabi": ["@rollup/rollup-android-arm-eabi@4.38.0", "", { "os": "android", "cpu": "arm" }, "sha512-ldomqc4/jDZu/xpYU+aRxo3V4mGCV9HeTgUBANI3oIQMOL+SsxB+S2lxMpkFp5UamSS3XuTMQVbsS24R4J4Qjg=="],

    "@rollup/rollup-android-arm64": ["@rollup/rollup-android-arm64@4.38.0", "", { "os": "android", "cpu": "arm64" }, "sha512-VUsgcy4GhhT7rokwzYQP+aV9XnSLkkhlEJ0St8pbasuWO/vwphhZQxYEKUP3ayeCYLhk6gEtacRpYP/cj3GjyQ=="],

    "@rollup/rollup-darwin-arm64": ["@rollup/rollup-darwin-arm64@4.38.0", "", { "os": "darwin", "cpu": "arm64" }, "sha512-buA17AYXlW9Rn091sWMq1xGUvWQFOH4N1rqUxGJtEQzhChxWjldGCCup7r/wUnaI6Au8sKXpoh0xg58a7cgcpg=="],

    "@rollup/rollup-darwin-x64": ["@rollup/rollup-darwin-x64@4.38.0", "", { "os": "darwin", "cpu": "x64" }, "sha512-Mgcmc78AjunP1SKXl624vVBOF2bzwNWFPMP4fpOu05vS0amnLcX8gHIge7q/lDAHy3T2HeR0TqrriZDQS2Woeg=="],

    "@rollup/rollup-freebsd-arm64": ["@rollup/rollup-freebsd-arm64@4.38.0", "", { "os": "freebsd", "cpu": "arm64" }, "sha512-zzJACgjLbQTsscxWqvrEQAEh28hqhebpRz5q/uUd1T7VTwUNZ4VIXQt5hE7ncs0GrF+s7d3S4on4TiXUY8KoQA=="],

    "@rollup/rollup-freebsd-x64": ["@rollup/rollup-freebsd-x64@4.38.0", "", { "os": "freebsd", "cpu": "x64" }, "sha512-hCY/KAeYMCyDpEE4pTETam0XZS4/5GXzlLgpi5f0IaPExw9kuB+PDTOTLuPtM10TlRG0U9OSmXJ+Wq9J39LvAg=="],

    "@rollup/rollup-linux-arm-gnueabihf": ["@rollup/rollup-linux-arm-gnueabihf@4.38.0", "", { "os": "linux", "cpu": "arm" }, "sha512-mimPH43mHl4JdOTD7bUMFhBdrg6f9HzMTOEnzRmXbOZqjijCw8LA5z8uL6LCjxSa67H2xiLFvvO67PT05PRKGg=="],

    "@rollup/rollup-linux-arm-musleabihf": ["@rollup/rollup-linux-arm-musleabihf@4.38.0", "", { "os": "linux", "cpu": "arm" }, "sha512-tPiJtiOoNuIH8XGG8sWoMMkAMm98PUwlriOFCCbZGc9WCax+GLeVRhmaxjJtz6WxrPKACgrwoZ5ia/uapq3ZVg=="],

    "@rollup/rollup-linux-arm64-gnu": ["@rollup/rollup-linux-arm64-gnu@4.38.0", "", { "os": "linux", "cpu": "arm64" }, "sha512-wZco59rIVuB0tjQS0CSHTTUcEde+pXQWugZVxWaQFdQQ1VYub/sTrNdY76D1MKdN2NB48JDuGABP6o6fqos8mA=="],

    "@rollup/rollup-linux-arm64-musl": ["@rollup/rollup-linux-arm64-musl@4.38.0", "", { "os": "linux", "cpu": "arm64" }, "sha512-fQgqwKmW0REM4LomQ+87PP8w8xvU9LZfeLBKybeli+0yHT7VKILINzFEuggvnV9M3x1Ed4gUBmGUzCo/ikmFbQ=="],

    "@rollup/rollup-linux-loongarch64-gnu": ["@rollup/rollup-linux-loongarch64-gnu@4.38.0", "", { "os": "linux", "cpu": "none" }, "sha512-hz5oqQLXTB3SbXpfkKHKXLdIp02/w3M+ajp8p4yWOWwQRtHWiEOCKtc9U+YXahrwdk+3qHdFMDWR5k+4dIlddg=="],

    "@rollup/rollup-linux-powerpc64le-gnu": ["@rollup/rollup-linux-powerpc64le-gnu@4.38.0", "", { "os": "linux", "cpu": "ppc64" }, "sha512-NXqygK/dTSibQ+0pzxsL3r4Xl8oPqVoWbZV9niqOnIHV/J92fe65pOir0xjkUZDRSPyFRvu+4YOpJF9BZHQImw=="],

    "@rollup/rollup-linux-riscv64-gnu": ["@rollup/rollup-linux-riscv64-gnu@4.38.0", "", { "os": "linux", "cpu": "none" }, "sha512-GEAIabR1uFyvf/jW/5jfu8gjM06/4kZ1W+j1nWTSSB3w6moZEBm7iBtzwQ3a1Pxos2F7Gz+58aVEnZHU295QTg=="],

    "@rollup/rollup-linux-riscv64-musl": ["@rollup/rollup-linux-riscv64-musl@4.38.0", "", { "os": "linux", "cpu": "none" }, "sha512-9EYTX+Gus2EGPbfs+fh7l95wVADtSQyYw4DfSBcYdUEAmP2lqSZY0Y17yX/3m5VKGGJ4UmIH5LHLkMJft3bYoA=="],

    "@rollup/rollup-linux-s390x-gnu": ["@rollup/rollup-linux-s390x-gnu@4.38.0", "", { "os": "linux", "cpu": "s390x" }, "sha512-Mpp6+Z5VhB9VDk7RwZXoG2qMdERm3Jw07RNlXHE0bOnEeX+l7Fy4bg+NxfyN15ruuY3/7Vrbpm75J9QHFqj5+Q=="],

    "@rollup/rollup-linux-x64-gnu": ["@rollup/rollup-linux-x64-gnu@4.38.0", "", { "os": "linux", "cpu": "x64" }, "sha512-vPvNgFlZRAgO7rwncMeE0+8c4Hmc+qixnp00/Uv3ht2x7KYrJ6ERVd3/R0nUtlE6/hu7/HiiNHJ/rP6knRFt1w=="],

    "@rollup/rollup-linux-x64-musl": ["@rollup/rollup-linux-x64-musl@4.38.0", "", { "os": "linux", "cpu": "x64" }, "sha512-q5Zv+goWvQUGCaL7fU8NuTw8aydIL/C9abAVGCzRReuj5h30TPx4LumBtAidrVOtXnlB+RZkBtExMsfqkMfb8g=="],

    "@rollup/rollup-win32-arm64-msvc": ["@rollup/rollup-win32-arm64-msvc@4.38.0", "", { "os": "win32", "cpu": "arm64" }, "sha512-u/Jbm1BU89Vftqyqbmxdq14nBaQjQX1HhmsdBWqSdGClNaKwhjsg5TpW+5Ibs1mb8Es9wJiMdl86BcmtUVXNZg=="],

    "@rollup/rollup-win32-ia32-msvc": ["@rollup/rollup-win32-ia32-msvc@4.38.0", "", { "os": "win32", "cpu": "ia32" }, "sha512-mqu4PzTrlpNHHbu5qleGvXJoGgHpChBlrBx/mEhTPpnAL1ZAYFlvHD7rLK839LLKQzqEQMFJfGrrOHItN4ZQqA=="],

    "@rollup/rollup-win32-x64-msvc": ["@rollup/rollup-win32-x64-msvc@4.38.0", "", { "os": "win32", "cpu": "x64" }, "sha512-jjqy3uWlecfB98Psxb5cD6Fny9Fupv9LrDSPTQZUROqjvZmcCqNu4UMl7qqhlUUGpwiAkotj6GYu4SZdcr/nLw=="],

    "@tybys/wasm-util": ["@tybys/wasm-util@0.9.0", "", { "dependencies": { "tslib": "^2.4.0" } }, "sha512-6+7nlbMVX/PVDCwaIQ8nTOPveOcFLSt8GcXdx8hD0bt39uWxYT88uXzqTd4fTvqta7oeUJqudepapKNt2DYJFw=="],

    "@types/bun": ["@types/bun@1.2.8", "", { "dependencies": { "bun-types": "1.2.7" } }, "sha512-t8L1RvJVUghW5V+M/fL3Thbxcs0HwNsXsnTEBEfEVqGteiJToOlZ/fyOEaR1kZsNqnu+3XA4RI/qmnX4w6+S+w=="],

    "@types/estree": ["@types/estree@1.0.7", "", {}, "sha512-w28IoSUCJpidD/TGviZwwMJckNESJZXFu7NBZ5YJ4mEUnNraUn9Pm8HSZm/jDF1pDWYKspWE7oVphigUPRakIQ=="],

    "@types/node": ["@types/node@22.13.14", "", { "dependencies": { "undici-types": "~6.20.0" } }, "sha512-Zs/Ollc1SJ8nKUAgc7ivOEdIBM8JAKgrqqUYi2J997JuKO7/tpQC+WCetQ1sypiKCQWHdvdg9wBNpUPEWZae7w=="],

    "@types/ws": ["@types/ws@8.5.14", "", { "dependencies": { "@types/node": "*" } }, "sha512-bd/YFLW+URhBzMXurx7lWByOu+xzU9+kb3RboOteXYDfW+tr+JZa99OyNmPINEGB/ahzKrEuc8rcv4gnpJmxTw=="],

    "bun-types": ["bun-types@1.2.7", "", { "dependencies": { "@types/node": "*", "@types/ws": "*" } }, "sha512-P4hHhk7kjF99acXqKvltyuMQ2kf/rzIw3ylEDpCxDS9Xa0X0Yp/gJu/vDCucmWpiur5qJ0lwB2bWzOXa2GlHqA=="],

    "bunup": ["bunup@0.3.3", "", { "dependencies": { "chokidar": "^4.0.3", "load-tsconfig": "^0.2.5", "oxc-transform": "^0.58.1", "rollup": "^4.35.0", "rollup-plugin-dts": "^6.1.1" }, "peerDependencies": { "typescript": ">=4.5.0" }, "optionalPeers": ["typescript"], "bin": { "bunup": "build/cli.mjs" } }, "sha512-3nRT/gszzXB73Gq18TaVPQH+pLPYErWPNmmDpagNA+cvFMaPfRXF6kRja/yvq76/Btx01my8i4pnnPl+o3FI0g=="],

    "chokidar": ["chokidar@4.0.3", "", { "dependencies": { "readdirp": "^4.0.1" } }, "sha512-Qgzu8kfBvo+cA4962jnP1KkS6Dop5NS6g7R5LFYJr4b8Ub94PPQXUksCw9PvXoeXPRRddRNC5C1JQUR2SMGtnA=="],

    "detect-libc": ["detect-libc@2.0.3", "", {}, "sha512-bwy0MGW55bG41VqxxypOsdSdGqLwXPI/focwgTYCFMbdUiBAxLg9CFzG08sz2aqzknwiX7Hkl0bQENjg8iLByw=="],

    "fsevents": ["fsevents@2.3.3", "", { "os": "darwin" }, "sha512-5xoDfX+fL7faATnagmWPpbFtwh/R77WmMMqqHGS65C3vvB0YHrgF+B1YmZ3441tMj5n63k0212XNoJwzlhffQw=="],

    "js-tokens": ["js-tokens@4.0.0", "", {}, "sha512-RdJUflcE3cUzKiMqQgsCu06FPu9UdIJO0beYbPhHN4k6apgJtifcoCtT9bcxOpYBtpD2kCM6Sbzg4CausW/PKQ=="],

    "load-tsconfig": ["load-tsconfig@0.2.5", "", {}, "sha512-IXO6OCs9yg8tMKzfPZ1YmheJbZCiEsnBdcB03l0OcfK9prKnJb96siuHCr5Fl37/yo9DnKU+TLpxzTUspw9shg=="],

    "magic-string": ["magic-string@0.30.17", "", { "dependencies": { "@jridgewell/sourcemap-codec": "^1.5.0" } }, "sha512-sNPKHvyjVf7gyjwS4xGTaW/mCnF8wnjtifKBEhxfZ7E/S8tQ0rssrwGNn6q8JH/ohItJfSQp9mBtQYuTlH5QnA=="],

    "oxc-transform": ["oxc-transform@0.58.1", "", { "optionalDependencies": { "@oxc-transform/binding-darwin-arm64": "0.58.1", "@oxc-transform/binding-darwin-x64": "0.58.1", "@oxc-transform/binding-linux-arm-gnueabihf": "0.58.1", "@oxc-transform/binding-linux-arm64-gnu": "0.58.1", "@oxc-transform/binding-linux-arm64-musl": "0.58.1", "@oxc-transform/binding-linux-x64-gnu": "0.58.1", "@oxc-transform/binding-linux-x64-musl": "0.58.1", "@oxc-transform/binding-wasm32-wasi": "0.58.1", "@oxc-transform/binding-win32-arm64-msvc": "0.58.1", "@oxc-transform/binding-win32-x64-msvc": "0.58.1" } }, "sha512-xOG65Wi5Zp6MO8W4O3jyffWVhKLzqSgtfCC/W207dRLV4wkHyWuzoCgkiy/PUe1NqhC6SkiM603WspNS0AsOZg=="],

    "picocolors": ["picocolors@1.1.1", "", {}, "sha512-xceH2snhtb5M9liqDsmEw56le376mTZkEX/jEb/RxNFyegNul7eNslCXP9FDj/Lcu0X8KEyMceP2ntpaHrDEVA=="],

    "readdirp": ["readdirp@4.1.2", "", {}, "sha512-GDhwkLfywWL2s6vEjyhri+eXmfH6j1L7JE27WhqLeYzoh/A3DBaYGEj2H/HFZCn/kMfim73FXxEJTw06WtxQwg=="],

    "rollup": ["rollup@4.38.0", "", { "dependencies": { "@types/estree": "1.0.7" }, "optionalDependencies": { "@rollup/rollup-android-arm-eabi": "4.38.0", "@rollup/rollup-android-arm64": "4.38.0", "@rollup/rollup-darwin-arm64": "4.38.0", "@rollup/rollup-darwin-x64": "4.38.0", "@rollup/rollup-freebsd-arm64": "4.38.0", "@rollup/rollup-freebsd-x64": "4.38.0", "@rollup/rollup-linux-arm-gnueabihf": "4.38.0", "@rollup/rollup-linux-arm-musleabihf": "4.38.0", "@rollup/rollup-linux-arm64-gnu": "4.38.0", "@rollup/rollup-linux-arm64-musl": "4.38.0", "@rollup/rollup-linux-loongarch64-gnu": "4.38.0", "@rollup/rollup-linux-powerpc64le-gnu": "4.38.0", "@rollup/rollup-linux-riscv64-gnu": "4.38.0", "@rollup/rollup-linux-riscv64-musl": "4.38.0", "@rollup/rollup-linux-s390x-gnu": "4.38.0", "@rollup/rollup-linux-x64-gnu": "4.38.0", "@rollup/rollup-linux-x64-musl": "4.38.0", "@rollup/rollup-win32-arm64-msvc": "4.38.0", "@rollup/rollup-win32-ia32-msvc": "4.38.0", "@rollup/rollup-win32-x64-msvc": "4.38.0", "fsevents": "~2.3.2" }, "bin": { "rollup": "dist/bin/rollup" } }, "sha512-5SsIRtJy9bf1ErAOiFMFzl64Ex9X5V7bnJ+WlFMb+zmP459OSWCEG7b0ERZ+PEU7xPt4OG3RHbrp1LJlXxYTrw=="],

    "rollup-plugin-dts": ["rollup-plugin-dts@6.2.1", "", { "dependencies": { "magic-string": "^0.30.17" }, "optionalDependencies": { "@babel/code-frame": "^7.26.2" }, "peerDependencies": { "rollup": "^3.29.4 || ^4", "typescript": "^4.5 || ^5.0" } }, "sha512-sR3CxYUl7i2CHa0O7bA45mCrgADyAQ0tVtGSqi3yvH28M+eg1+g5d7kQ9hLvEz5dorK3XVsH5L2jwHLQf72DzA=="],

    "tslib": ["tslib@2.8.1", "", {}, "sha512-oJFu94HQb+KVduSUQL7wnpmqnfmLsOA/nAh6b6EH0wCEoK0/mPeXU6c3wKDV83MkOuHPRHtSXKKU99IBazS/2w=="],

    "typescript": ["typescript@5.8.2", "", { "bin": { "tsc": "bin/tsc", "tsserver": "bin/tsserver" } }, "sha512-aJn6wq13/afZp/jT9QZmwEjDqqvSGp1VT5GVg+f/t6/oVyrgXM6BY1h9BRh/O5p3PlUPAe+WuiEZOmb/49RqoQ=="],

    "undici-types": ["undici-types@6.20.0", "", {}, "sha512-Ny6QZ2Nju20vw1SRHe3d9jVu6gJ+4e3+MMpqu7pqE5HT6WsTSlce++GQmK5UXS8mzV8DSYHrQH+Xrf2jVcuKNg=="],
  }
}
